
Microsoft Visual Studio Solution File, Format Version 12.00
# Visual Studio Version 16
VisualStudioVersion = 16.0.31624.102
MinimumVisualStudioVersion = 10.0.40219.1
Project("{FAE04EC0-301F-11D3-BF4B-00C04F79EFBC}") = "Datos", "Datos\Datos.csproj", "{E23EC8CE-BB0A-426B-906A-82D346E03C25}"
EndProject
Project("{FAE04EC0-301F-11D3-BF4B-00C04F79EFBC}") = "Negocio", "Negocio\Negocio.csproj", "{D7F77A31-B31A-433C-B1CA-CF4571E4AFBB}"
EndProject
Project("{FAE04EC0-301F-11D3-BF4B-00C04F79EFBC}") = "Presentacion", "Presentacion\Presentacion.csproj", "{6223A5A9-7D1D-4CD6-BB09-7271EB438006}"
EndProject
Global
	GlobalSection(SolutionConfigurationPlatforms) = preSolution
		Debug|Any CPU = Debug|Any CPU
		Release|Any CPU = Release|Any CPU
	EndGlobalSection
	GlobalSection(ProjectConfigurationPlatforms) = postSolution
		{E23EC8CE-BB0A-426B-906A-82D346E03C25}.Debug|Any CPU.ActiveCfg = Debug|Any CPU
		{E23EC8CE-BB0A-426B-906A-82D346E03C25}.Debug|Any CPU.Build.0 = Debug|Any CPU
		{E23EC8CE-BB0A-426B-906A-82D346E03C25}.Release|Any CPU.ActiveCfg = Release|Any CPU
		{E23EC8CE-BB0A-426B-906A-82D346E03C25}.Release|Any CPU.Build.0 = Release|Any CPU
		{D7F77A31-B31A-433C-B1CA-CF4571E4AFBB}.Debug|Any CPU.ActiveCfg = Debug|Any CPU
		{D7F77A31-B31A-433C-B1CA-CF4571E4AFBB}.Debug|Any CPU.Build.0 = Debug|Any CPU
		{D7F77A31-B31A-433C-B1CA-CF4571E4AFBB}.Release|Any CPU.ActiveCfg = Release|Any CPU
		{D7F77A31-B31A-433C-B1CA-CF4571E4AFBB}.Release|Any CPU.Build.0 = Release|Any CPU
		{6223A5A9-7D1D-4CD6-BB09-7271EB438006}.Debug|Any CPU.ActiveCfg = Debug|Any CPU
		{6223A5A9-7D1D-4CD6-BB09-7271EB438006}.Debug|Any CPU.Build.0 = Debug|Any CPU
		{6223A5A9-7D1D-4CD6-BB09-7271EB438006}.Release|Any CPU.ActiveCfg = Release|Any CPU
		{6223A5A9-7D1D-4CD6-BB09-7271EB438006}.Release|Any CPU.Build.0 = Release|Any CPU
	EndGlobalSection
	GlobalSection(SolutionProperties) = preSolution
		HideSolutionNode = FALSE
	EndGlobalSection
	GlobalSection(ExtensibilityGlobals) = postSolution
		SolutionGuid = {D0B8C4E5-EBAF-4905-B3B4-A643A1CA8D6C}
	EndGlobalSection
EndGlobal
