
Microsoft Visual Studio Solution File, Format Version 12.00
# Visual Studio Version 16
VisualStudioVersion = 16.0.31624.102
MinimumVisualStudioVersion = 10.0.40219.1
Project("{FAE04EC0-301F-11D3-BF4B-00C04F79EFBC}") = "Lab05", "Lab05.csproj", "{E9D264A8-E827-434F-A5FD-A1466D4665D8}"
EndProject
Global
	GlobalSection(SolutionConfigurationPlatforms) = preSolution
		Debug|Any CPU = Debug|Any CPU
		Release|Any CPU = Release|Any CPU
	EndGlobalSection
	GlobalSection(ProjectConfigurationPlatforms) = postSolution
		{E9D264A8-E827-434F-A5FD-A1466D4665D8}.Debug|Any CPU.ActiveCfg = Debug|Any CPU
		{E9D264A8-E827-434F-A5FD-A1466D4665D8}.Debug|Any CPU.Build.0 = Debug|Any CPU
		{E9D264A8-E827-434F-A5FD-A1466D4665D8}.Release|Any CPU.ActiveCfg = Release|Any CPU
		{E9D264A8-E827-434F-A5FD-A1466D4665D8}.Release|Any CPU.Build.0 = Release|Any CPU
	EndGlobalSection
	GlobalSection(SolutionProperties) = preSolution
		HideSolutionNode = FALSE
	EndGlobalSection
	GlobalSection(ExtensibilityGlobals) = postSolution
		SolutionGuid = {EEE70A54-F61D-415E-8C7F-73F600810293}
	EndGlobalSection
EndGlobal
